
Microsoft Visual Studio Solution File, Format Version 12.00
# Visual Studio 15
VisualStudioVersion = 15.0.28307.1525
MinimumVisualStudioVersion = 10.0.40219.1
Project("{FAE04EC0-301F-11D3-BF4B-00C04F79EFBC}") = "StoreFront", "StoreFront\StoreFront.csproj", "{07D16F05-13D3-4487-B3A6-829E8C1C5C8E}"
EndProject
Project("{2150E333-8FDC-42A3-9474-1A3956D46DE8}") = "Solution Items", "Solution Items", "{310B8623-1887-43E9-B927-98AB84E33DBB}"
	ProjectSection(SolutionItems) = preProject
		.gitignore = .gitignore
	EndProjectSection
EndProject
Project("{FAE04EC0-301F-11D3-BF4B-00C04F79EFBC}") = "StoreFront.DATA.EF", "StoreFront.DATA.EF\StoreFront.DATA.EF.csproj", "{729B823F-46A3-4867-82FC-2B5455F3A08D}"
EndProject
Global
	GlobalSection(SolutionConfigurationPlatforms) = preSolution
		Debug|Any CPU = Debug|Any CPU
		Release|Any CPU = Release|Any CPU
	EndGlobalSection
	GlobalSection(ProjectConfigurationPlatforms) = postSolution
		{07D16F05-13D3-4487-B3A6-829E8C1C5C8E}.Debug|Any CPU.ActiveCfg = Debug|Any CPU
		{07D16F05-13D3-4487-B3A6-829E8C1C5C8E}.Debug|Any CPU.Build.0 = Debug|Any CPU
		{07D16F05-13D3-4487-B3A6-829E8C1C5C8E}.Release|Any CPU.ActiveCfg = Release|Any CPU
		{07D16F05-13D3-4487-B3A6-829E8C1C5C8E}.Release|Any CPU.Build.0 = Release|Any CPU
		{729B823F-46A3-4867-82FC-2B5455F3A08D}.Debug|Any CPU.ActiveCfg = Debug|Any CPU
		{729B823F-46A3-4867-82FC-2B5455F3A08D}.Debug|Any CPU.Build.0 = Debug|Any CPU
		{729B823F-46A3-4867-82FC-2B5455F3A08D}.Release|Any CPU.ActiveCfg = Release|Any CPU
		{729B823F-46A3-4867-82FC-2B5455F3A08D}.Release|Any CPU.Build.0 = Release|Any CPU
	EndGlobalSection
	GlobalSection(SolutionProperties) = preSolution
		HideSolutionNode = FALSE
	EndGlobalSection
	GlobalSection(ExtensibilityGlobals) = postSolution
		SolutionGuid = {5D97961A-9886-4E13-B45A-636E94764D43}
	EndGlobalSection
EndGlobal
